// !$*UTF8*$!
{
	archiveVersion = 1;
	classes = {
	};
	objectVersion = 46;
	objects = {

/* Begin PBXBuildFile section */
		248D2C8E1C7FDDB700E5D8CE /* AppDelegate.swift in Sources */ = {isa = PBXBuildFile; fileRef = 248D2C8D1C7FDDB700E5D8CE /* AppDelegate.swift */; };
		248D2C901C7FDDB700E5D8CE /* ViewController.swift in Sources */ = {isa = PBXBuildFile; fileRef = 248D2C8F1C7FDDB700E5D8CE /* ViewController.swift */; };
		248D2C931C7FDDB700E5D8CE /* Main.storyboard in Resources */ = {isa = PBXBuildFile; fileRef = 248D2C911C7FDDB700E5D8CE /* Main.storyboard */; };
		248D2C951C7FDDB700E5D8CE /* Assets.xcassets in Resources */ = {isa = PBXBuildFile; fileRef = 248D2C941C7FDDB700E5D8CE /* Assets.xcassets */; };
		248D2C981C7FDDB700E5D8CE /* LaunchScreen.storyboard in Resources */ = {isa = PBXBuildFile; fileRef = 248D2C961C7FDDB700E5D8CE /* LaunchScreen.storyboard */; };
/* End PBXBuildFile section */

/* Begin PBXFileReference section */
		248D2C8A1C7FDDB700E5D8CE /* Views.app */ = {isa = PBXFileReference; explicitFileType = wrapper.application; includeInIndex = 0; path = Views.app; sourceTree = BUILT_PRODUCTS_DIR; };
		248D2C8D1C7FDDB700E5D8CE /* AppDelegate.swift */ = {isa = PBXFileReference; lastKnownFileType = sourcecode.swift; path = AppDelegate.swift; sourceTree = "<group>"; };
		248D2C8F1C7FDDB700E5D8CE /* ViewController.swift */ = {isa = PBXFileReference; lastKnownFileType = sourcecode.swift; path = ViewController.swift; sourceTree = "<group>"; };
		248D2C921C7FDDB700E5D8CE /* Base */ = {isa = PBXFileReference; lastKnownFileType = file.storyboard; name = Base; path = Base.lproj/Main.storyboard; sourceTree = "<group>"; };
		248D2C941C7FDDB700E5D8CE /* Assets.xcassets */ = {isa = PBXFileReference; lastKnownFileType = folder.assetcatalog; path = Assets.xcassets; sourceTree = "<group>"; };
		248D2C971C7FDDB700E5D8CE /* Base */ = {isa = PBXFileReference; lastKnownFileType = file.storyboard; name = Base; path = Base.lproj/LaunchScreen.storyboard; sourceTree = "<group>"; };
		248D2C991C7FDDB700E5D8CE /* Info.plist */ = {isa = PBXFileReference; lastKnownFileType = text.plist.xml; path = Info.plist; sourceTree = "<group>"; };
/* End PBXFileReference section */

/* Begin PBXFrameworksBuildPhase section */
		248D2C871C7FDDB700E5D8CE /* Frameworks */ = {
			isa = PBXFrameworksBuildPhase;
			buildActionMask = 2147483647;
			files = (
			);
			runOnlyForDeploymentPostprocessing = 0;
		};
/* End PBXFrameworksBuildPhase section */

/* Begin PBXGroup section */
		248D2C811C7FDDB700E5D8CE = {
			isa = PBXGroup;
			children = (
				248D2C8C1C7FDDB700E5D8CE /* Views */,
				248D2C8B1C7FDDB700E5D8CE /* Products */,
			);
			sourceTree = "<group>";
		};
		248D2C8B1C7FDDB700E5D8CE /* Products */ = {
			isa = PBXGroup;
			children = (
				248D2C8A1C7FDDB700E5D8CE /* Views.app */,
			);
			name = Products;
			sourceTree = "<group>";
		};
		248D2C8C1C7FDDB700E5D8CE /* Views */ = {
			isa = PBXGroup;
			children = (
				248D2C8D1C7FDDB700E5D8CE /* AppDelegate.swift */,
				248D2C8F1C7FDDB700E5D8CE /* ViewController.swift */,
				248D2C911C7FDDB700E5D8CE /* Main.storyboard */,
				248D2C941C7FDDB700E5D8CE /* Assets.xcassets */,
				248D2C961C7FDDB700E5D8CE /* LaunchScreen.storyboard */,
				248D2C991C7FDDB700E5D8CE /* Info.plist */,
			);
			path = Views;
			sourceTree = "<group>";
		};
/* End PBXGroup section */

/* Begin PBXNativeTarget section */
		248D2C891C7FDDB700E5D8CE /* Views */ = {
			isa = PBXNativeTarget;
			buildConfigurationList = 248D2C9C1C7FDDB700E5D8CE /* Build configuration list for PBXNativeTarget "Views" */;
			buildPhases = (
				248D2C861C7FDDB700E5D8CE /* Sources */,
				248D2C871C7FDDB700E5D8CE /* Frameworks */,
				248D2C881C7FDDB700E5D8CE /* Resources */,
			);
			buildRules = (
			);
			dependencies = (
			);
			name = Views;
			productName = Views;
			productReference = 248D2C8A1C7FDDB700E5D8CE /* Views.app */;
			productType = "com.apple.product-type.application";
		};
/* End PBXNativeTarget section */

/* Begin PBXProject section */
		248D2C821C7FDDB700E5D8CE /* Project object */ = {
			isa = PBXProject;
			attributes = {
				LastSwiftUpdateCheck = 0720;
				LastUpgradeCheck = 0720;
				ORGANIZATIONNAME = "Arun Nagarajan";
				TargetAttributes = {
					248D2C891C7FDDB700E5D8CE = {
						CreatedOnToolsVersion = 7.2.1;
					};
				};
			};
			buildConfigurationList = 248D2C851C7FDDB700E5D8CE /* Build configuration list for PBXProject "Views" */;
			compatibilityVersion = "Xcode 3.2";
			developmentRegion = English;
			hasScannedForEncodings = 0;
			knownRegions = (
				en,
				Base,
			);
			mainGroup = 248D2C811C7FDDB700E5D8CE;
			productRefGroup = 248D2C8B1C7FDDB700E5D8CE /* Products */;
			projectDirPath = "";
			projectRoot = "";
			targets = (
				248D2C891C7FDDB700E5D8CE /* Views */,
			);
		};
/* End PBXProject section */

/* Begin PBXResourcesBuildPhase section */
		248D2C881C7FDDB700E5D8CE /* Resources */ = {
			isa = PBXResourcesBuildPhase;
			buildActionMask = 2147483647;
			files = (
				248D2C981C7FDDB700E5D8CE /* LaunchScreen.storyboard in Resources */,
				248D2C951C7FDDB700E5D8CE /* Assets.xcassets in Resources */,
				248D2C931C7FDDB700E5D8CE /* Main.storyboard in Resources */,
			);
			runOnlyForDeploymentPostprocessing = 0;
		};
/* End PBXResourcesBuildPhase section */

/* Begin PBXSourcesBuildPhase section */
		248D2C861C7FDDB700E5D8CE /* Sources */ = {
			isa = PBXSourcesBuildPhase;
			buildActionMask = 2147483647;
			files = (
				248D2C901C7FDDB700E5D8CE /* ViewController.swift in Sources */,
				248D2C8E1C7FDDB700E5D8CE /* AppDelegate.swift in Sources */,
			);
			runOnlyForDeploymentPostprocessing = 0;
		};
/* End PBXSourcesBuildPhase section */

/* Begin PBXVariantGroup section */
		248D2C911C7FDDB700E5D8CE /* Main.storyboard */ = {
			isa = PBXVariantGroup;
			children = (
				248D2C921C7FDDB700E5D8CE /* Base */,
			);
			name = Main.storyboard;
			sourceTree = "<group>";
		};
		248D2C961C7FDDB700E5D8CE /* LaunchScreen.storyboard */ = {
			isa = PBXVariantGroup;
			children = (
				248D2C971C7FDDB700E5D8CE /* Base */,
			);
			name = LaunchScreen.storyboard;
			sourceTree = "<group>";
		};
/* End PBXVariantGroup section */

/* Begin XCBuildConfiguration section */
		248D2C9A1C7FDDB700E5D8CE /* Debug */ = {
			isa = XCBuildConfiguration;
			buildSettings = {
				ALWAYS_SEARCH_USER_PATHS = NO;
				CLANG_CXX_LANGUAGE_STANDARD = "gnu++0x";
				CLANG_CXX_LIBRARY = "libc++";
				CLANG_ENABLE_MODULES = YES;
				CLANG_ENABLE_OBJC_ARC = YES;
				CLANG_WARN_BOOL_CONVERSION = YES;
				CLANG_WARN_CONSTANT_CONVERSION = YES;
				CLANG_WARN_DIRECT_OBJC_ISA_USAGE = YES_ERROR;
				CLANG_WARN_EMPTY_BODY = YES;
				CLANG_WARN_ENUM_CONVERSION = YES;
				CLANG_WARN_INT_CONVERSION = YES;
				CLANG_WARN_OBJC_ROOT_CLASS = YES_ERROR;
				CLANG_WARN_UNREACHABLE_CODE = YES;
				CLANG_WARN__DUPLICATE_METHOD_MATCH = YES;
				"CODE_SIGN_IDENTITY[sdk=iphoneos*]" = "iPhone Developer";
				COPY_PHASE_STRIP = NO;
				DEBUG_INFORMATION_FORMAT = dwarf;
				ENABLE_STRICT_OBJC_MSGSEND = YES;
				ENABLE_TESTABILITY = YES;
				GCC_C_LANGUAGE_STANDARD = gnu99;
				GCC_DYNAMIC_NO_PIC = NO;
				GCC_NO_COMMON_BLOCKS = YES;
				GCC_OPTIMIZATION_LEVEL = 0;
				GCC_PREPROCESSOR_DEFINITIONS = (
					"DEBUG=1",
					"$(inherited)",
				);
				GCC_WARN_64_TO_32_BIT_CONVERSION = YES;
				GCC_WARN_ABOUT_RETURN_TYPE = YES_ERROR;
				GCC_WARN_UNDECLARED_SELECTOR = YES;
				GCC_WARN_UNINITIALIZED_AUTOS = YES_AGGRESSIVE;
				GCC_WARN_UNUSED_FUNCTION = YES;
				GCC_WARN_UNUSED_VARIABLE = YES;
				IPHONEOS_DEPLOYMENT_TARGET = 9.2;
				MTL_ENABLE_DEBUG_INFO = YES;
				ONLY_ACTIVE_ARCH = YES;
				SDKROOT = iphoneos;
				SWIFT_OPTIMIZATION_LEVEL = "-Onone";
				TARGETED_DEVICE_FAMILY = "1,2";
			};
			name = Debug;
		};
		248D2C9B1C7FDDB700E5D8CE /* Release */ = {
			isa = XCBuildConfiguration;
			buildSettings = {
				ALWAYS_SEARCH_USER_PATHS = NO;
				CLANG_CXX_LANGUAGE_STANDARD = "gnu++0x";
				CLANG_CXX_LIBRARY = "libc++";
				CLANG_ENABLE_MODULES = YES;
				CLANG_ENABLE_OBJC_ARC = YES;
				CLANG_WARN_BOOL_CONVERSION = YES;
				CLANG_WARN_CONSTANT_CONVERSION = YES;
				CLANG_WARN_DIRECT_OBJC_ISA_USAGE = YES_ERROR;
				CLANG_WARN_EMPTY_BODY = YES;
				CLANG_WARN_ENUM_CONVERSION = YES;
				CLANG_WARN_INT_CONVERSION = YES;
				CLANG_WARN_OBJC_ROOT_CLASS = YES_ERROR;
				CLANG_WARN_UNREACHABLE_CODE = YES;
				CLANG_WARN__DUPLICATE_METHOD_MATCH = YES;
				"CODE_SIGN_IDENTITY[sdk=iphoneos*]" = "iPhone Developer";
				COPY_PHASE_STRIP = NO;
				DEBUG_INFORMATION_FORMAT = "dwarf-with-dsym";
				ENABLE_NS_ASSERTIONS = NO;
				ENABLE_STRICT_OBJC_MSGSEND = YES;
				GCC_C_LANGUAGE_STANDARD = gnu99;
				GCC_NO_COMMON_BLOCKS = YES;
				GCC_WARN_64_TO_32_BIT_CONVERSION = YES;
				GCC_WARN_ABOUT_RETURN_TYPE = YES_ERROR;
				GCC_WARN_UNDECLARED_SELECTOR = YES;
				GCC_WARN_UNINITIALIZED_AUTOS = YES_AGGRESSIVE;
				GCC_WARN_UNUSED_FUNCTION = YES;
				GCC_WARN_UNUSED_VARIABLE = YES;
				IPHONEOS_DEPLOYMENT_TARGET = 9.2;
				MTL_ENABLE_DEBUG_INFO = NO;
				SDKROOT = iphoneos;
				TARGETED_DEVICE_FAMILY = "1,2";
				VALIDATE_PRODUCT = YES;
			};
			name = Release;
		};
		248D2C9D1C7FDDB700E5D8CE /* Debug */ = {
			isa = XCBuildConfiguration;
			buildSettings = {
				ASSETCATALOG_COMPILER_APPICON_NAME = AppIcon;
				INFOPLIST_FILE = Views/Info.plist;
				LD_RUNPATH_SEARCH_PATHS = "$(inherited) @executable_path/Frameworks";
				PRODUCT_BUNDLE_IDENTIFIER = AN.Views;
				PRODUCT_NAME = "$(TARGET_NAME)";
			};
			name = Debug;
		};
		248D2C9E1C7FDDB700E5D8CE /* Release */ = {
			isa = XCBuildConfiguration;
			buildSettings = {
				ASSETCATALOG_COMPILER_APPICON_NAME = AppIcon;
				INFOPLIST_FILE = Views/Info.plist;
				LD_RUNPATH_SEARCH_PATHS = "$(inherited) @executable_path/Frameworks";
				PRODUCT_BUNDLE_IDENTIFIER = AN.Views;
				PRODUCT_NAME = "$(TARGET_NAME)";
			};
			name = Release;
		};
/* End XCBuildConfiguration section */

/* Begin XCConfigurationList section */
		248D2C851C7FDDB700E5D8CE /* Build configuration list for PBXProject "Views" */ = {
			isa = XCConfigurationList;
			buildConfigurations = (
				248D2C9A1C7FDDB700E5D8CE /* Debug */,
				248D2C9B1C7FDDB700E5D8CE /* Release */,
			);
			defaultConfigurationIsVisible = 0;
			defaultConfigurationName = Release;
		};
		248D2C9C1C7FDDB700E5D8CE /* Build configuration list for PBXNativeTarget "Views" */ = {
			isa = XCConfigurationList;
			buildConfigurations = (
				248D2C9D1C7FDDB700E5D8CE /* Debug */,
				248D2C9E1C7FDDB700E5D8CE /* Release */,
			);
			defaultConfigurationIsVisible = 0;
		};
/* End XCConfigurationList section */
	};
	rootObject = 248D2C821C7FDDB700E5D8CE /* Project object */;
}
